
Microsoft Visual Studio Solution File, Format Version 12.00
# Visual Studio Version 16
VisualStudioVersion = 16.0.30717.126
MinimumVisualStudioVersion = 10.0.40219.1
Project("{FAE04EC0-301F-11D3-BF4B-00C04F79EFBC}") = "TI_Selection_CNN", "TI_Selection_CNN.csproj", "{0E734C85-821C-4F7D-9B42-EB850C426B04}"
EndProject
Project("{9A19103F-16F7-4668-BE54-9A1E7A4F7556}") = "TensorFlow_ImageClassification", "..\TensorFlow_ImageClassification\TensorFlow_ImageClassification.csproj", "{500DC806-12D9-4869-977E-A9087EC4D7E1}"
EndProject
Global
	GlobalSection(SolutionConfigurationPlatforms) = preSolution
		Debug|Any CPU = Debug|Any CPU
		Release|Any CPU = Release|Any CPU
	EndGlobalSection
	GlobalSection(ProjectConfigurationPlatforms) = postSolution
		{0E734C85-821C-4F7D-9B42-EB850C426B04}.Debug|Any CPU.ActiveCfg = Debug|Any CPU
		{0E734C85-821C-4F7D-9B42-EB850C426B04}.Debug|Any CPU.Build.0 = Debug|Any CPU
		{0E734C85-821C-4F7D-9B42-EB850C426B04}.Release|Any CPU.ActiveCfg = Release|Any CPU
		{0E734C85-821C-4F7D-9B42-EB850C426B04}.Release|Any CPU.Build.0 = Release|Any CPU
		{500DC806-12D9-4869-977E-A9087EC4D7E1}.Debug|Any CPU.ActiveCfg = Debug|Any CPU
		{500DC806-12D9-4869-977E-A9087EC4D7E1}.Debug|Any CPU.Build.0 = Debug|Any CPU
		{500DC806-12D9-4869-977E-A9087EC4D7E1}.Release|Any CPU.ActiveCfg = Release|Any CPU
		{500DC806-12D9-4869-977E-A9087EC4D7E1}.Release|Any CPU.Build.0 = Release|Any CPU
	EndGlobalSection
	GlobalSection(SolutionProperties) = preSolution
		HideSolutionNode = FALSE
	EndGlobalSection
	GlobalSection(ExtensibilityGlobals) = postSolution
		SolutionGuid = {2F2330C9-6CE7-4E73-97C0-E2155D039D99}
	EndGlobalSection
EndGlobal
